
Microsoft Visual Studio Solution File, Format Version 12.00
# Visual Studio Version 17
VisualStudioVersion = 17.8.34316.72
MinimumVisualStudioVersion = 10.0.40219.1
Project("{9A19103F-16F7-4668-BE54-9A1E7A4F7556}") = "User.Management.api", "User.Management.api\User.Management.api.csproj", "{FA4C10B0-BFD2-42C8-991A-16C709B38324}"
EndProject
Project("{FAE04EC0-301F-11D3-BF4B-00C04F79EFBC}") = "User.Management.Service", "User.Management.Service\User.Management.Service.csproj", "{145FF4A6-9ABE-4435-A8DE-A50E104EE14F}"
EndProject
Global
	GlobalSection(SolutionConfigurationPlatforms) = preSolution
		Debug|Any CPU = Debug|Any CPU
		Release|Any CPU = Release|Any CPU
	EndGlobalSection
	GlobalSection(ProjectConfigurationPlatforms) = postSolution
		{FA4C10B0-BFD2-42C8-991A-16C709B38324}.Debug|Any CPU.ActiveCfg = Debug|Any CPU
		{FA4C10B0-BFD2-42C8-991A-16C709B38324}.Debug|Any CPU.Build.0 = Debug|Any CPU
		{FA4C10B0-BFD2-42C8-991A-16C709B38324}.Release|Any CPU.ActiveCfg = Release|Any CPU
		{FA4C10B0-BFD2-42C8-991A-16C709B38324}.Release|Any CPU.Build.0 = Release|Any CPU
		{145FF4A6-9ABE-4435-A8DE-A50E104EE14F}.Debug|Any CPU.ActiveCfg = Debug|Any CPU
		{145FF4A6-9ABE-4435-A8DE-A50E104EE14F}.Debug|Any CPU.Build.0 = Debug|Any CPU
		{145FF4A6-9ABE-4435-A8DE-A50E104EE14F}.Release|Any CPU.ActiveCfg = Release|Any CPU
		{145FF4A6-9ABE-4435-A8DE-A50E104EE14F}.Release|Any CPU.Build.0 = Release|Any CPU
	EndGlobalSection
	GlobalSection(SolutionProperties) = preSolution
		HideSolutionNode = FALSE
	EndGlobalSection
	GlobalSection(ExtensibilityGlobals) = postSolution
		SolutionGuid = {657B37B8-061A-4861-9578-32CDFAABD5D8}
	EndGlobalSection
EndGlobal
